
Microsoft Visual Studio Solution File, Format Version 12.00
# Visual Studio Version 16
VisualStudioVersion = 16.0.31005.135
MinimumVisualStudioVersion = 10.0.40219.1
Project("{FAE04EC0-301F-11D3-BF4B-00C04F79EFBC}") = "WreckingBall", "WreckingBall.csproj", "{1F0DD854-CBFE-4ABD-A3CC-956B38F7AA76}"
EndProject
Global
	GlobalSection(SolutionConfigurationPlatforms) = preSolution
		Debug|Any CPU = Debug|Any CPU
		Release|Any CPU = Release|Any CPU
	EndGlobalSection
	GlobalSection(ProjectConfigurationPlatforms) = postSolution
		{1F0DD854-CBFE-4ABD-A3CC-956B38F7AA76}.Debug|Any CPU.ActiveCfg = Debug|Any CPU
		{1F0DD854-CBFE-4ABD-A3CC-956B38F7AA76}.Debug|Any CPU.Build.0 = Debug|Any CPU
		{1F0DD854-CBFE-4ABD-A3CC-956B38F7AA76}.Release|Any CPU.ActiveCfg = Release|Any CPU
		{1F0DD854-CBFE-4ABD-A3CC-956B38F7AA76}.Release|Any CPU.Build.0 = Release|Any CPU
	EndGlobalSection
	GlobalSection(SolutionProperties) = preSolution
		HideSolutionNode = FALSE
	EndGlobalSection
	GlobalSection(ExtensibilityGlobals) = postSolution
		SolutionGuid = {62FDC28C-510A-4682-8A70-94442ADB8B55}
	EndGlobalSection
EndGlobal
